
Microsoft Visual Studio Solution File, Format Version 12.00
# Visual Studio 15
VisualStudioVersion = 15.0.27703.2035
MinimumVisualStudioVersion = 10.0.40219.1
Project("{FAE04EC0-301F-11D3-BF4B-00C04F79EFBC}") = "DabneyMeganRecentlyVisitedSites", "DabneyMeganRecentlyVisitedSites\DabneyMeganRecentlyVisitedSites.csproj", "{0536B8EC-0896-45D9-A81E-8340346561BA}"
EndProject
Global
	GlobalSection(SolutionConfigurationPlatforms) = preSolution
		Debug|Any CPU = Debug|Any CPU
		Release|Any CPU = Release|Any CPU
	EndGlobalSection
	GlobalSection(ProjectConfigurationPlatforms) = postSolution
		{0536B8EC-0896-45D9-A81E-8340346561BA}.Debug|Any CPU.ActiveCfg = Debug|Any CPU
		{0536B8EC-0896-45D9-A81E-8340346561BA}.Debug|Any CPU.Build.0 = Debug|Any CPU
		{0536B8EC-0896-45D9-A81E-8340346561BA}.Release|Any CPU.ActiveCfg = Release|Any CPU
		{0536B8EC-0896-45D9-A81E-8340346561BA}.Release|Any CPU.Build.0 = Release|Any CPU
	EndGlobalSection
	GlobalSection(SolutionProperties) = preSolution
		HideSolutionNode = FALSE
	EndGlobalSection
	GlobalSection(ExtensibilityGlobals) = postSolution
		SolutionGuid = {E68A4C8D-8B04-417B-9B9F-D04ADCD880C7}
	EndGlobalSection
EndGlobal
